
Microsoft Visual Studio Solution File, Format Version 12.00
# Visual Studio Version 17
VisualStudioVersion = 17.0.31903.59
MinimumVisualStudioVersion = 10.0.40219.1
Project("{2150E333-8FDC-42A3-9474-1A3956D46DE8}") = "src", "src", "{827E0CD3-B72D-47B6-A68D-7590B98EB39B}"
EndProject
Project("{FAE04EC0-301F-11D3-BF4B-00C04F79EFBC}") = "InventoryTracker.API", "src\InventoryTracker.API\InventoryTracker.API.csproj", "{4D0EBC32-8AA8-4493-9EA1-53836C8239C6}"
EndProject
Project("{FAE04EC0-301F-11D3-BF4B-00C04F79EFBC}") = "InventoryTracker.Application", "src\InventoryTracker.Application\InventoryTracker.Application.csproj", "{04E376BC-7284-431E-B463-72E878F5B251}"
EndProject
Project("{FAE04EC0-301F-11D3-BF4B-00C04F79EFBC}") = "InventoryTracker.Domain", "src\InventoryTracker.Domain\InventoryTracker.Domain.csproj", "{A8B78D14-C73F-42D1-8882-773785F3DB05}"
EndProject
Project("{FAE04EC0-301F-11D3-BF4B-00C04F79EFBC}") = "InventoryTracker.Infrastructure", "src\InventoryTracker.Infrastructure\InventoryTracker.Infrastructure.csproj", "{D023740A-1DCA-499F-B65B-21A32F899C87}"
EndProject
Global
	GlobalSection(SolutionConfigurationPlatforms) = preSolution
		Debug|Any CPU = Debug|Any CPU
		Debug|x64 = Debug|x64
		Debug|x86 = Debug|x86
		Release|Any CPU = Release|Any CPU
		Release|x64 = Release|x64
		Release|x86 = Release|x86
	EndGlobalSection
	GlobalSection(ProjectConfigurationPlatforms) = postSolution
		{4D0EBC32-8AA8-4493-9EA1-53836C8239C6}.Debug|Any CPU.ActiveCfg = Debug|Any CPU
		{4D0EBC32-8AA8-4493-9EA1-53836C8239C6}.Debug|Any CPU.Build.0 = Debug|Any CPU
		{4D0EBC32-8AA8-4493-9EA1-53836C8239C6}.Debug|x64.ActiveCfg = Debug|Any CPU
		{4D0EBC32-8AA8-4493-9EA1-53836C8239C6}.Debug|x64.Build.0 = Debug|Any CPU
		{4D0EBC32-8AA8-4493-9EA1-53836C8239C6}.Debug|x86.ActiveCfg = Debug|Any CPU
		{4D0EBC32-8AA8-4493-9EA1-53836C8239C6}.Debug|x86.Build.0 = Debug|Any CPU
		{4D0EBC32-8AA8-4493-9EA1-53836C8239C6}.Release|Any CPU.ActiveCfg = Release|Any CPU
		{4D0EBC32-8AA8-4493-9EA1-53836C8239C6}.Release|Any CPU.Build.0 = Release|Any CPU
		{4D0EBC32-8AA8-4493-9EA1-53836C8239C6}.Release|x64.ActiveCfg = Release|Any CPU
		{4D0EBC32-8AA8-4493-9EA1-53836C8239C6}.Release|x64.Build.0 = Release|Any CPU
		{4D0EBC32-8AA8-4493-9EA1-53836C8239C6}.Release|x86.ActiveCfg = Release|Any CPU
		{4D0EBC32-8AA8-4493-9EA1-53836C8239C6}.Release|x86.Build.0 = Release|Any CPU
		{04E376BC-7284-431E-B463-72E878F5B251}.Debug|Any CPU.ActiveCfg = Debug|Any CPU
		{04E376BC-7284-431E-B463-72E878F5B251}.Debug|Any CPU.Build.0 = Debug|Any CPU
		{04E376BC-7284-431E-B463-72E878F5B251}.Debug|x64.ActiveCfg = Debug|Any CPU
		{04E376BC-7284-431E-B463-72E878F5B251}.Debug|x64.Build.0 = Debug|Any CPU
		{04E376BC-7284-431E-B463-72E878F5B251}.Debug|x86.ActiveCfg = Debug|Any CPU
		{04E376BC-7284-431E-B463-72E878F5B251}.Debug|x86.Build.0 = Debug|Any CPU
		{04E376BC-7284-431E-B463-72E878F5B251}.Release|Any CPU.ActiveCfg = Release|Any CPU
		{04E376BC-7284-431E-B463-72E878F5B251}.Release|Any CPU.Build.0 = Release|Any CPU
		{04E376BC-7284-431E-B463-72E878F5B251}.Release|x64.ActiveCfg = Release|Any CPU
		{04E376BC-7284-431E-B463-72E878F5B251}.Release|x64.Build.0 = Release|Any CPU
		{04E376BC-7284-431E-B463-72E878F5B251}.Release|x86.ActiveCfg = Release|Any CPU
		{04E376BC-7284-431E-B463-72E878F5B251}.Release|x86.Build.0 = Release|Any CPU
		{A8B78D14-C73F-42D1-8882-773785F3DB05}.Debug|Any CPU.ActiveCfg = Debug|Any CPU
		{A8B78D14-C73F-42D1-8882-773785F3DB05}.Debug|Any CPU.Build.0 = Debug|Any CPU
		{A8B78D14-C73F-42D1-8882-773785F3DB05}.Debug|x64.ActiveCfg = Debug|Any CPU
		{A8B78D14-C73F-42D1-8882-773785F3DB05}.Debug|x64.Build.0 = Debug|Any CPU
		{A8B78D14-C73F-42D1-8882-773785F3DB05}.Debug|x86.ActiveCfg = Debug|Any CPU
		{A8B78D14-C73F-42D1-8882-773785F3DB05}.Debug|x86.Build.0 = Debug|Any CPU
		{A8B78D14-C73F-42D1-8882-773785F3DB05}.Release|Any CPU.ActiveCfg = Release|Any CPU
		{A8B78D14-C73F-42D1-8882-773785F3DB05}.Release|Any CPU.Build.0 = Release|Any CPU
		{A8B78D14-C73F-42D1-8882-773785F3DB05}.Release|x64.ActiveCfg = Release|Any CPU
		{A8B78D14-C73F-42D1-8882-773785F3DB05}.Release|x64.Build.0 = Release|Any CPU
		{A8B78D14-C73F-42D1-8882-773785F3DB05}.Release|x86.ActiveCfg = Release|Any CPU
		{A8B78D14-C73F-42D1-8882-773785F3DB05}.Release|x86.Build.0 = Release|Any CPU
		{D023740A-1DCA-499F-B65B-21A32F899C87}.Debug|Any CPU.ActiveCfg = Debug|Any CPU
		{D023740A-1DCA-499F-B65B-21A32F899C87}.Debug|Any CPU.Build.0 = Debug|Any CPU
		{D023740A-1DCA-499F-B65B-21A32F899C87}.Debug|x64.ActiveCfg = Debug|Any CPU
		{D023740A-1DCA-499F-B65B-21A32F899C87}.Debug|x64.Build.0 = Debug|Any CPU
		{D023740A-1DCA-499F-B65B-21A32F899C87}.Debug|x86.ActiveCfg = Debug|Any CPU
		{D023740A-1DCA-499F-B65B-21A32F899C87}.Debug|x86.Build.0 = Debug|Any CPU
		{D023740A-1DCA-499F-B65B-21A32F899C87}.Release|Any CPU.ActiveCfg = Release|Any CPU
		{D023740A-1DCA-499F-B65B-21A32F899C87}.Release|Any CPU.Build.0 = Release|Any CPU
		{D023740A-1DCA-499F-B65B-21A32F899C87}.Release|x64.ActiveCfg = Release|Any CPU
		{D023740A-1DCA-499F-B65B-21A32F899C87}.Release|x64.Build.0 = Release|Any CPU
		{D023740A-1DCA-499F-B65B-21A32F899C87}.Release|x86.ActiveCfg = Release|Any CPU
		{D023740A-1DCA-499F-B65B-21A32F899C87}.Release|x86.Build.0 = Release|Any CPU
	EndGlobalSection
	GlobalSection(SolutionProperties) = preSolution
		HideSolutionNode = FALSE
	EndGlobalSection
	GlobalSection(NestedProjects) = preSolution
		{4D0EBC32-8AA8-4493-9EA1-53836C8239C6} = {827E0CD3-B72D-47B6-A68D-7590B98EB39B}
		{04E376BC-7284-431E-B463-72E878F5B251} = {827E0CD3-B72D-47B6-A68D-7590B98EB39B}
		{A8B78D14-C73F-42D1-8882-773785F3DB05} = {827E0CD3-B72D-47B6-A68D-7590B98EB39B}
		{D023740A-1DCA-499F-B65B-21A32F899C87} = {827E0CD3-B72D-47B6-A68D-7590B98EB39B}
	EndGlobalSection
EndGlobal
